// !$*UTF8*$!
{
	archiveVersion = 1;
	classes = {
	};
	objectVersion = 50;
	objects = {

/* Begin PBXBuildFile section */
		125F89872166E48A00071057 /* ThumbnailCell.swift in Sources */ = {isa = PBXBuildFile; fileRef = 125F89862166E48A00071057 /* ThumbnailCell.swift */; };
		125F898B216720D200071057 /* Settings.swift in Sources */ = {isa = PBXBuildFile; fileRef = 125F898A216720D200071057 /* Settings.swift */; };
		125F898D21672C1E00071057 /* Helper.swift in Sources */ = {isa = PBXBuildFile; fileRef = 125F898C21672C1E00071057 /* Helper.swift */; };
		129BD33C2159D2600008A493 /* AppDelegate.swift in Sources */ = {isa = PBXBuildFile; fileRef = 129BD33B2159D2600008A493 /* AppDelegate.swift */; };
		129BD33E2159D2600008A493 /* IntroViewController.swift in Sources */ = {isa = PBXBuildFile; fileRef = 129BD33D2159D2600008A493 /* IntroViewController.swift */; };
		129BD3412159D2600008A493 /* Main.storyboard in Resources */ = {isa = PBXBuildFile; fileRef = 129BD33F2159D2600008A493 /* Main.storyboard */; };
		129BD3432159D2610008A493 /* Assets.xcassets in Resources */ = {isa = PBXBuildFile; fileRef = 129BD3422159D2610008A493 /* Assets.xcassets */; };
		129BD3462159D2610008A493 /* LaunchScreen.storyboard in Resources */ = {isa = PBXBuildFile; fileRef = 129BD3442159D2610008A493 /* LaunchScreen.storyboard */; };
		12BA64D8215B0B0400704F9D /* ChartImageViewController.swift in Sources */ = {isa = PBXBuildFile; fileRef = 12BA64D7215B0B0400704F9D /* ChartImageViewController.swift */; };
		12BA64E0215B306800704F9D /* ProgressHUD.m in Sources */ = {isa = PBXBuildFile; fileRef = 12BA64DE215B306800704F9D /* ProgressHUD.m */; };
		12BA64E1215B306800704F9D /* ProgressHUD.bundle in Resources */ = {isa = PBXBuildFile; fileRef = 12BA64DF215B306800704F9D /* ProgressHUD.bundle */; };
		12BF39F22169283300D9EF7F /* BoardSocket.swift in Sources */ = {isa = PBXBuildFile; fileRef = 12BF39F12169283200D9EF7F /* BoardSocket.swift */; };
		12D7F6BE2159F6130098F029 /* CameraViewController.swift in Sources */ = {isa = PBXBuildFile; fileRef = 12D7F6BD2159F6130098F029 /* CameraViewController.swift */; };
		12D7F6C0215A23DC0098F029 /* ChartViewController.swift in Sources */ = {isa = PBXBuildFile; fileRef = 12D7F6BF215A23DC0098F029 /* ChartViewController.swift */; };
		12D7F6C4215A28C90098F029 /* SettingsViewController.swift in Sources */ = {isa = PBXBuildFile; fileRef = 12D7F6C3215A28C90098F029 /* SettingsViewController.swift */; };
		849F98D22BAA4CBE16B1E9D7 /* Pods_SmileSnail.framework in Frameworks */ = {isa = PBXBuildFile; fileRef = 8967C233D1E5D23C101CF8E7 /* Pods_SmileSnail.framework */; };
/* End PBXBuildFile section */

/* Begin PBXFileReference section */
		125F89862166E48A00071057 /* ThumbnailCell.swift */ = {isa = PBXFileReference; lastKnownFileType = sourcecode.swift; path = ThumbnailCell.swift; sourceTree = "<group>"; };
		125F898A216720D200071057 /* Settings.swift */ = {isa = PBXFileReference; lastKnownFileType = sourcecode.swift; path = Settings.swift; sourceTree = "<group>"; };
		125F898C21672C1E00071057 /* Helper.swift */ = {isa = PBXFileReference; lastKnownFileType = sourcecode.swift; path = Helper.swift; sourceTree = "<group>"; };
		129BD3382159D2600008A493 /* SmileSnail.app */ = {isa = PBXFileReference; explicitFileType = wrapper.application; includeInIndex = 0; path = SmileSnail.app; sourceTree = BUILT_PRODUCTS_DIR; };
		129BD33B2159D2600008A493 /* AppDelegate.swift */ = {isa = PBXFileReference; lastKnownFileType = sourcecode.swift; path = AppDelegate.swift; sourceTree = "<group>"; };
		129BD33D2159D2600008A493 /* IntroViewController.swift */ = {isa = PBXFileReference; lastKnownFileType = sourcecode.swift; path = IntroViewController.swift; sourceTree = "<group>"; };
		129BD3402159D2600008A493 /* Base */ = {isa = PBXFileReference; lastKnownFileType = file.storyboard; name = Base; path = Base.lproj/Main.storyboard; sourceTree = "<group>"; };
		129BD3422159D2610008A493 /* Assets.xcassets */ = {isa = PBXFileReference; lastKnownFileType = folder.assetcatalog; path = Assets.xcassets; sourceTree = "<group>"; };
		129BD3452159D2610008A493 /* Base */ = {isa = PBXFileReference; lastKnownFileType = file.storyboard; name = Base; path = Base.lproj/LaunchScreen.storyboard; sourceTree = "<group>"; };
		129BD3472159D2610008A493 /* Info.plist */ = {isa = PBXFileReference; lastKnownFileType = text.plist.xml; path = Info.plist; sourceTree = "<group>"; };
		12BA64D7215B0B0400704F9D /* ChartImageViewController.swift */ = {isa = PBXFileReference; lastKnownFileType = sourcecode.swift; path = ChartImageViewController.swift; sourceTree = "<group>"; };
		12BA64DC215B306600704F9D /* SmileSnail-Bridging-Header.h */ = {isa = PBXFileReference; lastKnownFileType = sourcecode.c.h; path = "SmileSnail-Bridging-Header.h"; sourceTree = "<group>"; };
		12BA64DD215B306800704F9D /* ProgressHUD.h */ = {isa = PBXFileReference; fileEncoding = 4; lastKnownFileType = sourcecode.c.h; path = ProgressHUD.h; sourceTree = "<group>"; };
		12BA64DE215B306800704F9D /* ProgressHUD.m */ = {isa = PBXFileReference; fileEncoding = 4; lastKnownFileType = sourcecode.c.objc; path = ProgressHUD.m; sourceTree = "<group>"; };
		12BA64DF215B306800704F9D /* ProgressHUD.bundle */ = {isa = PBXFileReference; lastKnownFileType = "wrapper.plug-in"; path = ProgressHUD.bundle; sourceTree = "<group>"; };
		12BF39F12169283200D9EF7F /* BoardSocket.swift */ = {isa = PBXFileReference; lastKnownFileType = sourcecode.swift; path = BoardSocket.swift; sourceTree = "<group>"; };
		12D7F6BD2159F6130098F029 /* CameraViewController.swift */ = {isa = PBXFileReference; lastKnownFileType = sourcecode.swift; path = CameraViewController.swift; sourceTree = "<group>"; };
		12D7F6BF215A23DC0098F029 /* ChartViewController.swift */ = {isa = PBXFileReference; lastKnownFileType = sourcecode.swift; path = ChartViewController.swift; sourceTree = "<group>"; };
		12D7F6C3215A28C90098F029 /* SettingsViewController.swift */ = {isa = PBXFileReference; lastKnownFileType = sourcecode.swift; path = SettingsViewController.swift; sourceTree = "<group>"; };
		60FEF27B74ABAB79A38E1F6A /* Pods-SmileSnail.release.xcconfig */ = {isa = PBXFileReference; includeInIndex = 1; lastKnownFileType = text.xcconfig; name = "Pods-SmileSnail.release.xcconfig"; path = "Pods/Target Support Files/Pods-SmileSnail/Pods-SmileSnail.release.xcconfig"; sourceTree = "<group>"; };
		8967C233D1E5D23C101CF8E7 /* Pods_SmileSnail.framework */ = {isa = PBXFileReference; explicitFileType = wrapper.framework; includeInIndex = 0; path = Pods_SmileSnail.framework; sourceTree = BUILT_PRODUCTS_DIR; };
		E15A83552EDE0271275A52E6 /* Pods-SmileSnail.debug.xcconfig */ = {isa = PBXFileReference; includeInIndex = 1; lastKnownFileType = text.xcconfig; name = "Pods-SmileSnail.debug.xcconfig"; path = "Pods/Target Support Files/Pods-SmileSnail/Pods-SmileSnail.debug.xcconfig"; sourceTree = "<group>"; };
/* End PBXFileReference section */

/* Begin PBXFrameworksBuildPhase section */
		129BD3352159D2600008A493 /* Frameworks */ = {
			isa = PBXFrameworksBuildPhase;
			buildActionMask = 2147483647;
			files = (
				849F98D22BAA4CBE16B1E9D7 /* Pods_SmileSnail.framework in Frameworks */,
			);
			runOnlyForDeploymentPostprocessing = 0;
		};
/* End PBXFrameworksBuildPhase section */

/* Begin PBXGroup section */
		129BD32F2159D2600008A493 = {
			isa = PBXGroup;
			children = (
				129BD33A2159D2600008A493 /* SmileSnail */,
				129BD3392159D2600008A493 /* Products */,
				18DE3BE90ABD4D0433D9593D /* Pods */,
				302B760938A9391D02BC7454 /* Frameworks */,
			);
			sourceTree = "<group>";
		};
		129BD3392159D2600008A493 /* Products */ = {
			isa = PBXGroup;
			children = (
				129BD3382159D2600008A493 /* SmileSnail.app */,
			);
			name = Products;
			sourceTree = "<group>";
		};
		129BD33A2159D2600008A493 /* SmileSnail */ = {
			isa = PBXGroup;
			children = (
				12BA64DB215B305600704F9D /* Supporting Files */,
				129BD33B2159D2600008A493 /* AppDelegate.swift */,
				129BD33D2159D2600008A493 /* IntroViewController.swift */,
				12D7F6BD2159F6130098F029 /* CameraViewController.swift */,
				12D7F6BF215A23DC0098F029 /* ChartViewController.swift */,
				12BA64D7215B0B0400704F9D /* ChartImageViewController.swift */,
				12D7F6C3215A28C90098F029 /* SettingsViewController.swift */,
				129BD33F2159D2600008A493 /* Main.storyboard */,
				129BD3422159D2610008A493 /* Assets.xcassets */,
				129BD3442159D2610008A493 /* LaunchScreen.storyboard */,
				129BD3472159D2610008A493 /* Info.plist */,
				125F89862166E48A00071057 /* ThumbnailCell.swift */,
				125F898A216720D200071057 /* Settings.swift */,
				125F898C21672C1E00071057 /* Helper.swift */,
				12BF39F12169283200D9EF7F /* BoardSocket.swift */,
			);
			path = SmileSnail;
			sourceTree = "<group>";
		};
		12BA64DB215B305600704F9D /* Supporting Files */ = {
			isa = PBXGroup;
			children = (
				12BA64DF215B306800704F9D /* ProgressHUD.bundle */,
				12BA64DD215B306800704F9D /* ProgressHUD.h */,
				12BA64DE215B306800704F9D /* ProgressHUD.m */,
				12BA64DC215B306600704F9D /* SmileSnail-Bridging-Header.h */,
			);
			path = "Supporting Files";
			sourceTree = "<group>";
		};
		18DE3BE90ABD4D0433D9593D /* Pods */ = {
			isa = PBXGroup;
			children = (
				E15A83552EDE0271275A52E6 /* Pods-SmileSnail.debug.xcconfig */,
				60FEF27B74ABAB79A38E1F6A /* Pods-SmileSnail.release.xcconfig */,
			);
			name = Pods;
			sourceTree = "<group>";
		};
		302B760938A9391D02BC7454 /* Frameworks */ = {
			isa = PBXGroup;
			children = (
				8967C233D1E5D23C101CF8E7 /* Pods_SmileSnail.framework */,
			);
			name = Frameworks;
			sourceTree = "<group>";
		};
/* End PBXGroup section */

/* Begin PBXNativeTarget section */
		129BD3372159D2600008A493 /* SmileSnail */ = {
			isa = PBXNativeTarget;
			buildConfigurationList = 129BD34A2159D2610008A493 /* Build configuration list for PBXNativeTarget "SmileSnail" */;
			buildPhases = (
				AB1B54C173F3BE8906D697BB /* [CP] Check Pods Manifest.lock */,
				129BD3342159D2600008A493 /* Sources */,
				129BD3352159D2600008A493 /* Frameworks */,
				129BD3362159D2600008A493 /* Resources */,
				19D790C3583A41FEBC7DB955 /* [CP] Embed Pods Frameworks */,
			);
			buildRules = (
			);
			dependencies = (
			);
			name = SmileSnail;
			productName = SmileSnail;
			productReference = 129BD3382159D2600008A493 /* SmileSnail.app */;
			productType = "com.apple.product-type.application";
		};
/* End PBXNativeTarget section */

/* Begin PBXProject section */
		129BD3302159D2600008A493 /* Project object */ = {
			isa = PBXProject;
			attributes = {
				LastSwiftUpdateCheck = 0940;
				LastUpgradeCheck = 0940;
				ORGANIZATIONNAME = entlab;
				TargetAttributes = {
					129BD3372159D2600008A493 = {
						CreatedOnToolsVersion = 9.4.1;
						LastSwiftMigration = 1000;
					};
				};
			};
			buildConfigurationList = 129BD3332159D2600008A493 /* Build configuration list for PBXProject "SmileSnail" */;
			compatibilityVersion = "Xcode 9.3";
			developmentRegion = en;
			hasScannedForEncodings = 0;
			knownRegions = (
				en,
				Base,
			);
			mainGroup = 129BD32F2159D2600008A493;
			productRefGroup = 129BD3392159D2600008A493 /* Products */;
			projectDirPath = "";
			projectRoot = "";
			targets = (
				129BD3372159D2600008A493 /* SmileSnail */,
			);
		};
/* End PBXProject section */

/* Begin PBXResourcesBuildPhase section */
		129BD3362159D2600008A493 /* Resources */ = {
			isa = PBXResourcesBuildPhase;
			buildActionMask = 2147483647;
			files = (
				12BA64E1215B306800704F9D /* ProgressHUD.bundle in Resources */,
				129BD3462159D2610008A493 /* LaunchScreen.storyboard in Resources */,
				129BD3432159D2610008A493 /* Assets.xcassets in Resources */,
				129BD3412159D2600008A493 /* Main.storyboard in Resources */,
			);
			runOnlyForDeploymentPostprocessing = 0;
		};
/* End PBXResourcesBuildPhase section */

/* Begin PBXShellScriptBuildPhase section */
		19D790C3583A41FEBC7DB955 /* [CP] Embed Pods Frameworks */ = {
			isa = PBXShellScriptBuildPhase;
			buildActionMask = 2147483647;
			files = (
			);
			inputPaths = (
				"${SRCROOT}/Pods/Target Support Files/Pods-SmileSnail/Pods-SmileSnail-frameworks.sh",
				"${BUILT_PRODUCTS_DIR}/Alamofire/Alamofire.framework",
				"${BUILT_PRODUCTS_DIR}/ImageSlideshow/ImageSlideshow.framework",
				"${BUILT_PRODUCTS_DIR}/SwiftSocket/SwiftSocket.framework",
				"${BUILT_PRODUCTS_DIR}/SwiftyJSON/SwiftyJSON.framework",
				"${BUILT_PRODUCTS_DIR}/SwipeCellKit/SwipeCellKit.framework",
			);
			name = "[CP] Embed Pods Frameworks";
			outputPaths = (
				"${TARGET_BUILD_DIR}/${FRAMEWORKS_FOLDER_PATH}/Alamofire.framework",
				"${TARGET_BUILD_DIR}/${FRAMEWORKS_FOLDER_PATH}/ImageSlideshow.framework",
				"${TARGET_BUILD_DIR}/${FRAMEWORKS_FOLDER_PATH}/SwiftSocket.framework",
				"${TARGET_BUILD_DIR}/${FRAMEWORKS_FOLDER_PATH}/SwiftyJSON.framework",
				"${TARGET_BUILD_DIR}/${FRAMEWORKS_FOLDER_PATH}/SwipeCellKit.framework",
			);
			runOnlyForDeploymentPostprocessing = 0;
			shellPath = /bin/sh;
			shellScript = "\"${SRCROOT}/Pods/Target Support Files/Pods-SmileSnail/Pods-SmileSnail-frameworks.sh\"\n";
			showEnvVarsInLog = 0;
		};
		AB1B54C173F3BE8906D697BB /* [CP] Check Pods Manifest.lock */ = {
			isa = PBXShellScriptBuildPhase;
			buildActionMask = 2147483647;
			files = (
			);
			inputPaths = (
				"${PODS_PODFILE_DIR_PATH}/Podfile.lock",
				"${PODS_ROOT}/Manifest.lock",
			);
			name = "[CP] Check Pods Manifest.lock";
			outputPaths = (
				"$(DERIVED_FILE_DIR)/Pods-SmileSnail-checkManifestLockResult.txt",
			);
			runOnlyForDeploymentPostprocessing = 0;
			shellPath = /bin/sh;
			shellScript = "diff \"${PODS_PODFILE_DIR_PATH}/Podfile.lock\" \"${PODS_ROOT}/Manifest.lock\" > /dev/null\nif [ $? != 0 ] ; then\n    # print error to STDERR\n    echo \"error: The sandbox is not in sync with the Podfile.lock. Run 'pod install' or update your CocoaPods installation.\" >&2\n    exit 1\nfi\n# This output is used by Xcode 'outputs' to avoid re-running this script phase.\necho \"SUCCESS\" > \"${SCRIPT_OUTPUT_FILE_0}\"\n";
			showEnvVarsInLog = 0;
		};
/* End PBXShellScriptBuildPhase section */

/* Begin PBXSourcesBuildPhase section */
		129BD3342159D2600008A493 /* Sources */ = {
			isa = PBXSourcesBuildPhase;
			buildActionMask = 2147483647;
			files = (
				129BD33E2159D2600008A493 /* IntroViewController.swift in Sources */,
				12BA64D8215B0B0400704F9D /* ChartImageViewController.swift in Sources */,
				125F89872166E48A00071057 /* ThumbnailCell.swift in Sources */,
				12D7F6C0215A23DC0098F029 /* ChartViewController.swift in Sources */,
				12BA64E0215B306800704F9D /* ProgressHUD.m in Sources */,
				12BF39F22169283300D9EF7F /* BoardSocket.swift in Sources */,
				129BD33C2159D2600008A493 /* AppDelegate.swift in Sources */,
				125F898B216720D200071057 /* Settings.swift in Sources */,
				125F898D21672C1E00071057 /* Helper.swift in Sources */,
				12D7F6C4215A28C90098F029 /* SettingsViewController.swift in Sources */,
				12D7F6BE2159F6130098F029 /* CameraViewController.swift in Sources */,
			);
			runOnlyForDeploymentPostprocessing = 0;
		};
/* End PBXSourcesBuildPhase section */

/* Begin PBXVariantGroup section */
		129BD33F2159D2600008A493 /* Main.storyboard */ = {
			isa = PBXVariantGroup;
			children = (
				129BD3402159D2600008A493 /* Base */,
			);
			name = Main.storyboard;
			sourceTree = "<group>";
		};
		129BD3442159D2610008A493 /* LaunchScreen.storyboard */ = {
			isa = PBXVariantGroup;
			children = (
				129BD3452159D2610008A493 /* Base */,
			);
			name = LaunchScreen.storyboard;
			sourceTree = "<group>";
		};
/* End PBXVariantGroup section */

/* Begin XCBuildConfiguration section */
		129BD3482159D2610008A493 /* Debug */ = {
			isa = XCBuildConfiguration;
			buildSettings = {
				ALWAYS_SEARCH_USER_PATHS = NO;
				CLANG_ANALYZER_NONNULL = YES;
				CLANG_ANALYZER_NUMBER_OBJECT_CONVERSION = YES_AGGRESSIVE;
				CLANG_CXX_LANGUAGE_STANDARD = "gnu++14";
				CLANG_CXX_LIBRARY = "libc++";
				CLANG_ENABLE_MODULES = YES;
				CLANG_ENABLE_OBJC_ARC = YES;
				CLANG_ENABLE_OBJC_WEAK = YES;
				CLANG_WARN_BLOCK_CAPTURE_AUTORELEASING = YES;
				CLANG_WARN_BOOL_CONVERSION = YES;
				CLANG_WARN_COMMA = YES;
				CLANG_WARN_CONSTANT_CONVERSION = YES;
				CLANG_WARN_DEPRECATED_OBJC_IMPLEMENTATIONS = YES;
				CLANG_WARN_DIRECT_OBJC_ISA_USAGE = YES_ERROR;
				CLANG_WARN_DOCUMENTATION_COMMENTS = YES;
				CLANG_WARN_EMPTY_BODY = YES;
				CLANG_WARN_ENUM_CONVERSION = YES;
				CLANG_WARN_INFINITE_RECURSION = YES;
				CLANG_WARN_INT_CONVERSION = YES;
				CLANG_WARN_NON_LITERAL_NULL_CONVERSION = YES;
				CLANG_WARN_OBJC_IMPLICIT_RETAIN_SELF = YES;
				CLANG_WARN_OBJC_LITERAL_CONVERSION = YES;
				CLANG_WARN_OBJC_ROOT_CLASS = YES_ERROR;
				CLANG_WARN_RANGE_LOOP_ANALYSIS = YES;
				CLANG_WARN_STRICT_PROTOTYPES = YES;
				CLANG_WARN_SUSPICIOUS_MOVE = YES;
				CLANG_WARN_UNGUARDED_AVAILABILITY = YES_AGGRESSIVE;
				CLANG_WARN_UNREACHABLE_CODE = YES;
				CLANG_WARN__DUPLICATE_METHOD_MATCH = YES;
				CODE_SIGN_IDENTITY = "iPhone Developer";
				COPY_PHASE_STRIP = NO;
				DEBUG_INFORMATION_FORMAT = dwarf;
				ENABLE_STRICT_OBJC_MSGSEND = YES;
				ENABLE_TESTABILITY = YES;
				GCC_C_LANGUAGE_STANDARD = gnu11;
				GCC_DYNAMIC_NO_PIC = NO;
				GCC_NO_COMMON_BLOCKS = YES;
				GCC_OPTIMIZATION_LEVEL = 0;
				GCC_PREPROCESSOR_DEFINITIONS = (
					"DEBUG=1",
					"$(inherited)",
				);
				GCC_WARN_64_TO_32_BIT_CONVERSION = YES;
				GCC_WARN_ABOUT_RETURN_TYPE = YES_ERROR;
				GCC_WARN_UNDECLARED_SELECTOR = YES;
				GCC_WARN_UNINITIALIZED_AUTOS = YES_AGGRESSIVE;
				GCC_WARN_UNUSED_FUNCTION = YES;
				GCC_WARN_UNUSED_VARIABLE = YES;
				IPHONEOS_DEPLOYMENT_TARGET = 11.4;
				MTL_ENABLE_DEBUG_INFO = YES;
				ONLY_ACTIVE_ARCH = YES;
				SDKROOT = iphoneos;
				SWIFT_ACTIVE_COMPILATION_CONDITIONS = DEBUG;
				SWIFT_OPTIMIZATION_LEVEL = "-Onone";
			};
			name = Debug;
		};
		129BD3492159D2610008A493 /* Release */ = {
			isa = XCBuildConfiguration;
			buildSettings = {
				ALWAYS_SEARCH_USER_PATHS = NO;
				CLANG_ANALYZER_NONNULL = YES;
				CLANG_ANALYZER_NUMBER_OBJECT_CONVERSION = YES_AGGRESSIVE;
				CLANG_CXX_LANGUAGE_STANDARD = "gnu++14";
				CLANG_CXX_LIBRARY = "libc++";
				CLANG_ENABLE_MODULES = YES;
				CLANG_ENABLE_OBJC_ARC = YES;
				CLANG_ENABLE_OBJC_WEAK = YES;
				CLANG_WARN_BLOCK_CAPTURE_AUTORELEASING = YES;
				CLANG_WARN_BOOL_CONVERSION = YES;
				CLANG_WARN_COMMA = YES;
				CLANG_WARN_CONSTANT_CONVERSION = YES;
				CLANG_WARN_DEPRECATED_OBJC_IMPLEMENTATIONS = YES;
				CLANG_WARN_DIRECT_OBJC_ISA_USAGE = YES_ERROR;
				CLANG_WARN_DOCUMENTATION_COMMENTS = YES;
				CLANG_WARN_EMPTY_BODY = YES;
				CLANG_WARN_ENUM_CONVERSION = YES;
				CLANG_WARN_INFINITE_RECURSION = YES;
				CLANG_WARN_INT_CONVERSION = YES;
				CLANG_WARN_NON_LITERAL_NULL_CONVERSION = YES;
				CLANG_WARN_OBJC_IMPLICIT_RETAIN_SELF = YES;
				CLANG_WARN_OBJC_LITERAL_CONVERSION = YES;
				CLANG_WARN_OBJC_ROOT_CLASS = YES_ERROR;
				CLANG_WARN_RANGE_LOOP_ANALYSIS = YES;
				CLANG_WARN_STRICT_PROTOTYPES = YES;
				CLANG_WARN_SUSPICIOUS_MOVE = YES;
				CLANG_WARN_UNGUARDED_AVAILABILITY = YES_AGGRESSIVE;
				CLANG_WARN_UNREACHABLE_CODE = YES;
				CLANG_WARN__DUPLICATE_METHOD_MATCH = YES;
				CODE_SIGN_IDENTITY = "iPhone Developer";
				COPY_PHASE_STRIP = NO;
				DEBUG_INFORMATION_FORMAT = "dwarf-with-dsym";
				ENABLE_NS_ASSERTIONS = NO;
				ENABLE_STRICT_OBJC_MSGSEND = YES;
				GCC_C_LANGUAGE_STANDARD = gnu11;
				GCC_NO_COMMON_BLOCKS = YES;
				GCC_WARN_64_TO_32_BIT_CONVERSION = YES;
				GCC_WARN_ABOUT_RETURN_TYPE = YES_ERROR;
				GCC_WARN_UNDECLARED_SELECTOR = YES;
				GCC_WARN_UNINITIALIZED_AUTOS = YES_AGGRESSIVE;
				GCC_WARN_UNUSED_FUNCTION = YES;
				GCC_WARN_UNUSED_VARIABLE = YES;
				IPHONEOS_DEPLOYMENT_TARGET = 11.4;
				MTL_ENABLE_DEBUG_INFO = NO;
				SDKROOT = iphoneos;
				SWIFT_COMPILATION_MODE = wholemodule;
				SWIFT_OPTIMIZATION_LEVEL = "-O";
				VALIDATE_PRODUCT = YES;
			};
			name = Release;
		};
		129BD34B2159D2610008A493 /* Debug */ = {
			isa = XCBuildConfiguration;
			baseConfigurationReference = E15A83552EDE0271275A52E6 /* Pods-SmileSnail.debug.xcconfig */;
			buildSettings = {
				ASSETCATALOG_COMPILER_APPICON_NAME = AppIcon;
				CLANG_ENABLE_MODULES = YES;
				CODE_SIGN_STYLE = Automatic;
				DEVELOPMENT_TEAM = F3D3NQFS55;
				ENABLE_BITCODE = NO;
				INFOPLIST_FILE = SmileSnail/Info.plist;
				LD_RUNPATH_SEARCH_PATHS = (
					"$(inherited)",
					"@executable_path/Frameworks",
				);
				PRODUCT_BUNDLE_IDENTIFIER = com.entlab.SmileSnail;
				PRODUCT_NAME = "$(TARGET_NAME)";
				SWIFT_OBJC_BRIDGING_HEADER = "SmileSnail/Supporting Files/SmileSnail-Bridging-Header.h";
				SWIFT_OPTIMIZATION_LEVEL = "-Onone";
				SWIFT_VERSION = 4.2;
				TARGETED_DEVICE_FAMILY = "1,2";
			};
			name = Debug;
		};
		129BD34C2159D2610008A493 /* Release */ = {
			isa = XCBuildConfiguration;
			baseConfigurationReference = 60FEF27B74ABAB79A38E1F6A /* Pods-SmileSnail.release.xcconfig */;
			buildSettings = {
				ASSETCATALOG_COMPILER_APPICON_NAME = AppIcon;
				CLANG_ENABLE_MODULES = YES;
				CODE_SIGN_STYLE = Automatic;
				DEVELOPMENT_TEAM = F3D3NQFS55;
				ENABLE_BITCODE = NO;
				INFOPLIST_FILE = SmileSnail/Info.plist;
				LD_RUNPATH_SEARCH_PATHS = (
					"$(inherited)",
					"@executable_path/Frameworks",
				);
				PRODUCT_BUNDLE_IDENTIFIER = com.entlab.SmileSnail;
				PRODUCT_NAME = "$(TARGET_NAME)";
				SWIFT_OBJC_BRIDGING_HEADER = "SmileSnail/Supporting Files/SmileSnail-Bridging-Header.h";
				SWIFT_VERSION = 4.2;
				TARGETED_DEVICE_FAMILY = "1,2";
			};
			name = Release;
		};
/* End XCBuildConfiguration section */

/* Begin XCConfigurationList section */
		129BD3332159D2600008A493 /* Build configuration list for PBXProject "SmileSnail" */ = {
			isa = XCConfigurationList;
			buildConfigurations = (
				129BD3482159D2610008A493 /* Debug */,
				129BD3492159D2610008A493 /* Release */,
			);
			defaultConfigurationIsVisible = 0;
			defaultConfigurationName = Release;
		};
		129BD34A2159D2610008A493 /* Build configuration list for PBXNativeTarget "SmileSnail" */ = {
			isa = XCConfigurationList;
			buildConfigurations = (
				129BD34B2159D2610008A493 /* Debug */,
				129BD34C2159D2610008A493 /* Release */,
			);
			defaultConfigurationIsVisible = 0;
			defaultConfigurationName = Release;
		};
/* End XCConfigurationList section */
	};
	rootObject = 129BD3302159D2600008A493 /* Project object */;
}
